
Microsoft Visual Studio Solution File, Format Version 12.00
# Visual Studio Version 16
VisualStudioVersion = 16.0.32413.511
MinimumVisualStudioVersion = 10.0.40219.1
Project("{FAE04EC0-301F-11D3-BF4B-00C04F79EFBC}") = "App1.Android", "App1.Android\App1.Android.csproj", "{62E5D4B4-268D-4B89-83BE-E8B443D1059F}"
EndProject
Project("{FAE04EC0-301F-11D3-BF4B-00C04F79EFBC}") = "App1.iOS", "App1.iOS\App1.iOS.csproj", "{7203356E-66A0-40DD-A922-3DEEAA7BE5D5}"
EndProject
Project("{FAE04EC0-301F-11D3-BF4B-00C04F79EFBC}") = "App1", "App1\App1.csproj", "{4973D325-67E1-4997-9D07-F2294871751B}"
EndProject
Global
	GlobalSection(SolutionConfigurationPlatforms) = preSolution
		Debug|Any CPU = Debug|Any CPU
		Debug|iPhone = Debug|iPhone
		Debug|iPhoneSimulator = Debug|iPhoneSimulator
		Release|Any CPU = Release|Any CPU
		Release|iPhone = Release|iPhone
		Release|iPhoneSimulator = Release|iPhoneSimulator
	EndGlobalSection
	GlobalSection(ProjectConfigurationPlatforms) = postSolution
		{62E5D4B4-268D-4B89-83BE-E8B443D1059F}.Debug|Any CPU.ActiveCfg = Debug|Any CPU
		{62E5D4B4-268D-4B89-83BE-E8B443D1059F}.Debug|Any CPU.Build.0 = Debug|Any CPU
		{62E5D4B4-268D-4B89-83BE-E8B443D1059F}.Debug|Any CPU.Deploy.0 = Debug|Any CPU
		{62E5D4B4-268D-4B89-83BE-E8B443D1059F}.Debug|iPhone.ActiveCfg = Debug|Any CPU
		{62E5D4B4-268D-4B89-83BE-E8B443D1059F}.Debug|iPhone.Build.0 = Debug|Any CPU
		{62E5D4B4-268D-4B89-83BE-E8B443D1059F}.Debug|iPhone.Deploy.0 = Debug|Any CPU
		{62E5D4B4-268D-4B89-83BE-E8B443D1059F}.Debug|iPhoneSimulator.ActiveCfg = Debug|Any CPU
		{62E5D4B4-268D-4B89-83BE-E8B443D1059F}.Debug|iPhoneSimulator.Build.0 = Debug|Any CPU
		{62E5D4B4-268D-4B89-83BE-E8B443D1059F}.Debug|iPhoneSimulator.Deploy.0 = Debug|Any CPU
		{62E5D4B4-268D-4B89-83BE-E8B443D1059F}.Release|Any CPU.ActiveCfg = Release|Any CPU
		{62E5D4B4-268D-4B89-83BE-E8B443D1059F}.Release|Any CPU.Build.0 = Release|Any CPU
		{62E5D4B4-268D-4B89-83BE-E8B443D1059F}.Release|Any CPU.Deploy.0 = Release|Any CPU
		{62E5D4B4-268D-4B89-83BE-E8B443D1059F}.Release|iPhone.ActiveCfg = Release|Any CPU
		{62E5D4B4-268D-4B89-83BE-E8B443D1059F}.Release|iPhone.Build.0 = Release|Any CPU
		{62E5D4B4-268D-4B89-83BE-E8B443D1059F}.Release|iPhone.Deploy.0 = Release|Any CPU
		{62E5D4B4-268D-4B89-83BE-E8B443D1059F}.Release|iPhoneSimulator.ActiveCfg = Release|Any CPU
		{62E5D4B4-268D-4B89-83BE-E8B443D1059F}.Release|iPhoneSimulator.Build.0 = Release|Any CPU
		{62E5D4B4-268D-4B89-83BE-E8B443D1059F}.Release|iPhoneSimulator.Deploy.0 = Release|Any CPU
		{7203356E-66A0-40DD-A922-3DEEAA7BE5D5}.Debug|Any CPU.ActiveCfg = Debug|iPhone
		{7203356E-66A0-40DD-A922-3DEEAA7BE5D5}.Debug|Any CPU.Build.0 = Debug|iPhone
		{7203356E-66A0-40DD-A922-3DEEAA7BE5D5}.Debug|Any CPU.Deploy.0 = Debug|iPhone
		{7203356E-66A0-40DD-A922-3DEEAA7BE5D5}.Debug|iPhone.ActiveCfg = Debug|iPhone
		{7203356E-66A0-40DD-A922-3DEEAA7BE5D5}.Debug|iPhone.Build.0 = Debug|iPhone
		{7203356E-66A0-40DD-A922-3DEEAA7BE5D5}.Debug|iPhone.Deploy.0 = Debug|iPhone
		{7203356E-66A0-40DD-A922-3DEEAA7BE5D5}.Debug|iPhoneSimulator.ActiveCfg = Debug|iPhoneSimulator
		{7203356E-66A0-40DD-A922-3DEEAA7BE5D5}.Debug|iPhoneSimulator.Build.0 = Debug|iPhoneSimulator
		{7203356E-66A0-40DD-A922-3DEEAA7BE5D5}.Debug|iPhoneSimulator.Deploy.0 = Debug|iPhoneSimulator
		{7203356E-66A0-40DD-A922-3DEEAA7BE5D5}.Release|Any CPU.ActiveCfg = Release|iPhoneSimulator
		{7203356E-66A0-40DD-A922-3DEEAA7BE5D5}.Release|Any CPU.Build.0 = Release|iPhoneSimulator
		{7203356E-66A0-40DD-A922-3DEEAA7BE5D5}.Release|Any CPU.Deploy.0 = Release|iPhoneSimulator
		{7203356E-66A0-40DD-A922-3DEEAA7BE5D5}.Release|iPhone.ActiveCfg = Release|iPhone
		{7203356E-66A0-40DD-A922-3DEEAA7BE5D5}.Release|iPhone.Build.0 = Release|iPhone
		{7203356E-66A0-40DD-A922-3DEEAA7BE5D5}.Release|iPhone.Deploy.0 = Release|iPhone
		{7203356E-66A0-40DD-A922-3DEEAA7BE5D5}.Release|iPhoneSimulator.ActiveCfg = Release|iPhoneSimulator
		{7203356E-66A0-40DD-A922-3DEEAA7BE5D5}.Release|iPhoneSimulator.Build.0 = Release|iPhoneSimulator
		{7203356E-66A0-40DD-A922-3DEEAA7BE5D5}.Release|iPhoneSimulator.Deploy.0 = Release|iPhoneSimulator
		{4973D325-67E1-4997-9D07-F2294871751B}.Debug|Any CPU.ActiveCfg = Debug|Any CPU
		{4973D325-67E1-4997-9D07-F2294871751B}.Debug|Any CPU.Build.0 = Debug|Any CPU
		{4973D325-67E1-4997-9D07-F2294871751B}.Debug|Any CPU.Deploy.0 = Debug|Any CPU
		{4973D325-67E1-4997-9D07-F2294871751B}.Debug|iPhone.ActiveCfg = Debug|Any CPU
		{4973D325-67E1-4997-9D07-F2294871751B}.Debug|iPhone.Build.0 = Debug|Any CPU
		{4973D325-67E1-4997-9D07-F2294871751B}.Debug|iPhone.Deploy.0 = Debug|Any CPU
		{4973D325-67E1-4997-9D07-F2294871751B}.Debug|iPhoneSimulator.ActiveCfg = Debug|Any CPU
		{4973D325-67E1-4997-9D07-F2294871751B}.Debug|iPhoneSimulator.Build.0 = Debug|Any CPU
		{4973D325-67E1-4997-9D07-F2294871751B}.Debug|iPhoneSimulator.Deploy.0 = Debug|Any CPU
		{4973D325-67E1-4997-9D07-F2294871751B}.Release|Any CPU.ActiveCfg = Release|Any CPU
		{4973D325-67E1-4997-9D07-F2294871751B}.Release|Any CPU.Build.0 = Release|Any CPU
		{4973D325-67E1-4997-9D07-F2294871751B}.Release|Any CPU.Deploy.0 = Release|Any CPU
		{4973D325-67E1-4997-9D07-F2294871751B}.Release|iPhone.ActiveCfg = Release|Any CPU
		{4973D325-67E1-4997-9D07-F2294871751B}.Release|iPhone.Build.0 = Release|Any CPU
		{4973D325-67E1-4997-9D07-F2294871751B}.Release|iPhone.Deploy.0 = Release|Any CPU
		{4973D325-67E1-4997-9D07-F2294871751B}.Release|iPhoneSimulator.ActiveCfg = Release|Any CPU
		{4973D325-67E1-4997-9D07-F2294871751B}.Release|iPhoneSimulator.Build.0 = Release|Any CPU
		{4973D325-67E1-4997-9D07-F2294871751B}.Release|iPhoneSimulator.Deploy.0 = Release|Any CPU
	EndGlobalSection
	GlobalSection(SolutionProperties) = preSolution
		HideSolutionNode = FALSE
	EndGlobalSection
	GlobalSection(ExtensibilityGlobals) = postSolution
		SolutionGuid = {58BDDF51-9E40-46F5-9407-CA819B5E9FBB}
	EndGlobalSection
EndGlobal
